
Microsoft Visual Studio Solution File, Format Version 12.00
# Visual Studio Version 16
VisualStudioVersion = 16.0.31515.178
MinimumVisualStudioVersion = 10.0.40219.1
Project("{FAE04EC0-301F-11D3-BF4B-00C04F79EFBC}") = "Adjustable Psycast Cost", "Adjustable Psycast Cost.csproj", "{703A57A6-2F6C-4967-AB51-D9E8CFFB5BED}"
EndProject
Global
	GlobalSection(SolutionConfigurationPlatforms) = preSolution
		Debug|Any CPU = Debug|Any CPU
		Release|Any CPU = Release|Any CPU
	EndGlobalSection
	GlobalSection(ProjectConfigurationPlatforms) = postSolution
		{703A57A6-2F6C-4967-AB51-D9E8CFFB5BED}.Debug|Any CPU.ActiveCfg = Debug|Any CPU
		{703A57A6-2F6C-4967-AB51-D9E8CFFB5BED}.Debug|Any CPU.Build.0 = Debug|Any CPU
		{703A57A6-2F6C-4967-AB51-D9E8CFFB5BED}.Release|Any CPU.ActiveCfg = Release|Any CPU
		{703A57A6-2F6C-4967-AB51-D9E8CFFB5BED}.Release|Any CPU.Build.0 = Release|Any CPU
	EndGlobalSection
	GlobalSection(SolutionProperties) = preSolution
		HideSolutionNode = FALSE
	EndGlobalSection
	GlobalSection(ExtensibilityGlobals) = postSolution
		SolutionGuid = {8D6EC9E0-7F8E-4AFA-B3C5-5335972E344B}
	EndGlobalSection
EndGlobal
